
Microsoft Visual Studio Solution File, Format Version 12.00
# Visual Studio Version 16
VisualStudioVersion = 16.0.31727.386
MinimumVisualStudioVersion = 10.0.40219.1
Project("{9A19103F-16F7-4668-BE54-9A1E7A4F7556}") = "AgendaTurnosApp.Server", "AgendaTurnosApp\Server\AgendaTurnosApp.Server.csproj", "{F086AAAD-D21E-4572-8972-1E902B8E7FD3}"
EndProject
Project("{9A19103F-16F7-4668-BE54-9A1E7A4F7556}") = "AgendaTurnosApp.Client", "AgendaTurnosApp\Client\AgendaTurnosApp.Client.csproj", "{043FEEA9-39FA-4A85-BBD9-0464F0F0B14E}"
EndProject
Project("{9A19103F-16F7-4668-BE54-9A1E7A4F7556}") = "AgendaTurnosApp.Shared", "AgendaTurnosApp\Shared\AgendaTurnosApp.Shared.csproj", "{5130F4BA-FCE8-4C7A-9804-55C3C3068AF8}"
EndProject
Project("{FAE04EC0-301F-11D3-BF4B-00C04F79EFBC}") = "AgendaTurnosApp.Repositories", "AgendaTurnosApp.Repositories\AgendaTurnosApp.Repositories.csproj", "{9BF03EA4-49AE-44DD-88D0-846B4973C62E}"
EndProject
Global
	GlobalSection(SolutionConfigurationPlatforms) = preSolution
		Debug|Any CPU = Debug|Any CPU
		Release|Any CPU = Release|Any CPU
	EndGlobalSection
	GlobalSection(ProjectConfigurationPlatforms) = postSolution
		{F086AAAD-D21E-4572-8972-1E902B8E7FD3}.Debug|Any CPU.ActiveCfg = Debug|Any CPU
		{F086AAAD-D21E-4572-8972-1E902B8E7FD3}.Debug|Any CPU.Build.0 = Debug|Any CPU
		{F086AAAD-D21E-4572-8972-1E902B8E7FD3}.Release|Any CPU.ActiveCfg = Release|Any CPU
		{F086AAAD-D21E-4572-8972-1E902B8E7FD3}.Release|Any CPU.Build.0 = Release|Any CPU
		{043FEEA9-39FA-4A85-BBD9-0464F0F0B14E}.Debug|Any CPU.ActiveCfg = Debug|Any CPU
		{043FEEA9-39FA-4A85-BBD9-0464F0F0B14E}.Debug|Any CPU.Build.0 = Debug|Any CPU
		{043FEEA9-39FA-4A85-BBD9-0464F0F0B14E}.Release|Any CPU.ActiveCfg = Release|Any CPU
		{043FEEA9-39FA-4A85-BBD9-0464F0F0B14E}.Release|Any CPU.Build.0 = Release|Any CPU
		{5130F4BA-FCE8-4C7A-9804-55C3C3068AF8}.Debug|Any CPU.ActiveCfg = Debug|Any CPU
		{5130F4BA-FCE8-4C7A-9804-55C3C3068AF8}.Debug|Any CPU.Build.0 = Debug|Any CPU
		{5130F4BA-FCE8-4C7A-9804-55C3C3068AF8}.Release|Any CPU.ActiveCfg = Release|Any CPU
		{5130F4BA-FCE8-4C7A-9804-55C3C3068AF8}.Release|Any CPU.Build.0 = Release|Any CPU
		{9BF03EA4-49AE-44DD-88D0-846B4973C62E}.Debug|Any CPU.ActiveCfg = Debug|Any CPU
		{9BF03EA4-49AE-44DD-88D0-846B4973C62E}.Debug|Any CPU.Build.0 = Debug|Any CPU
		{9BF03EA4-49AE-44DD-88D0-846B4973C62E}.Release|Any CPU.ActiveCfg = Release|Any CPU
		{9BF03EA4-49AE-44DD-88D0-846B4973C62E}.Release|Any CPU.Build.0 = Release|Any CPU
	EndGlobalSection
	GlobalSection(SolutionProperties) = preSolution
		HideSolutionNode = FALSE
	EndGlobalSection
	GlobalSection(ExtensibilityGlobals) = postSolution
		SolutionGuid = {40215D2F-A343-4FFA-AC33-D918E865E7FE}
	EndGlobalSection
EndGlobal
